
Microsoft Visual Studio Solution File, Format Version 12.00
# Visual Studio Version 17
VisualStudioVersion = 17.5.002.0
MinimumVisualStudioVersion = 10.0.40219.1
Project("{9A19103F-16F7-4668-BE54-9A1E7A4F7556}") = "Calendar App", "Calendar App.csproj", "{DC661824-7B6D-4564-B776-D57F76BC4F9E}"
EndProject
Global
	GlobalSection(SolutionConfigurationPlatforms) = preSolution
		Debug|Any CPU = Debug|Any CPU
		Release|Any CPU = Release|Any CPU
	EndGlobalSection
	GlobalSection(ProjectConfigurationPlatforms) = postSolution
		{DC661824-7B6D-4564-B776-D57F76BC4F9E}.Debug|Any CPU.ActiveCfg = Debug|Any CPU
		{DC661824-7B6D-4564-B776-D57F76BC4F9E}.Debug|Any CPU.Build.0 = Debug|Any CPU
		{DC661824-7B6D-4564-B776-D57F76BC4F9E}.Release|Any CPU.ActiveCfg = Release|Any CPU
		{DC661824-7B6D-4564-B776-D57F76BC4F9E}.Release|Any CPU.Build.0 = Release|Any CPU
	EndGlobalSection
	GlobalSection(SolutionProperties) = preSolution
		HideSolutionNode = FALSE
	EndGlobalSection
	GlobalSection(ExtensibilityGlobals) = postSolution
		SolutionGuid = {B29A4BCC-DA9D-4E2C-8322-6E97CA285651}
	EndGlobalSection
EndGlobal
